
Microsoft Visual Studio Solution File, Format Version 12.00
# Visual Studio 14
VisualStudioVersion = 14.0.24720.0
MinimumVisualStudioVersion = 10.0.40219.1
Project("{FAE04EC0-301F-11D3-BF4B-00C04F79EFBC}") = "DeployStatus", "DeployStatus\DeployStatus.csproj", "{4951D5E0-5A75-41FB-972A-2EBCA61605A7}"
EndProject
Global
	GlobalSection(SolutionConfigurationPlatforms) = preSolution
		Debug|Any CPU = Debug|Any CPU
		Release|Any CPU = Release|Any CPU
		Release-4.5|Any CPU = Release-4.5|Any CPU
	EndGlobalSection
	GlobalSection(ProjectConfigurationPlatforms) = postSolution
		{4951D5E0-5A75-41FB-972A-2EBCA61605A7}.Debug|Any CPU.ActiveCfg = Debug|Any CPU
		{4951D5E0-5A75-41FB-972A-2EBCA61605A7}.Debug|Any CPU.Build.0 = Debug|Any CPU
		{4951D5E0-5A75-41FB-972A-2EBCA61605A7}.Release|Any CPU.ActiveCfg = Release|Any CPU
		{4951D5E0-5A75-41FB-972A-2EBCA61605A7}.Release|Any CPU.Build.0 = Release|Any CPU
		{4951D5E0-5A75-41FB-972A-2EBCA61605A7}.Release-4.5|Any CPU.ActiveCfg = Release|Any CPU
		{4951D5E0-5A75-41FB-972A-2EBCA61605A7}.Release-4.5|Any CPU.Build.0 = Release|Any CPU
	EndGlobalSection
	GlobalSection(SolutionProperties) = preSolution
		HideSolutionNode = FALSE
	EndGlobalSection
EndGlobal
